
Microsoft Visual Studio Solution File, Format Version 12.00
# Visual Studio Version 17
VisualStudioVersion = 17.0.31903.59
MinimumVisualStudioVersion = 10.0.40219.1
Project("{FAE04EC0-301F-11D3-BF4B-00C04F79EFBC}") = "sln.Persistence", "sln.Persistence\sln.Persistence.csproj", "{95ADAC93-62A6-4D3C-BFDE-B8DC07713E73}"
EndProject
Project("{FAE04EC0-301F-11D3-BF4B-00C04F79EFBC}") = "sln.ApplicationCore", "sln.ApplicationCore\sln.ApplicationCore.csproj", "{7A58F21F-B52B-4AEC-A029-E90CF00615BC}"
EndProject
Project("{FAE04EC0-301F-11D3-BF4B-00C04F79EFBC}") = "sln.Domain", "sln.DomainBuilder\sln.Domain.csproj", "{C3D46A03-2491-482B-AB30-1F89471F8568}"
EndProject
Global
	GlobalSection(SolutionConfigurationPlatforms) = preSolution
		Debug|Any CPU = Debug|Any CPU
		Release|Any CPU = Release|Any CPU
	EndGlobalSection
	GlobalSection(ProjectConfigurationPlatforms) = postSolution
		{95ADAC93-62A6-4D3C-BFDE-B8DC07713E73}.Debug|Any CPU.ActiveCfg = Debug|Any CPU
		{95ADAC93-62A6-4D3C-BFDE-B8DC07713E73}.Debug|Any CPU.Build.0 = Debug|Any CPU
		{95ADAC93-62A6-4D3C-BFDE-B8DC07713E73}.Release|Any CPU.ActiveCfg = Release|Any CPU
		{95ADAC93-62A6-4D3C-BFDE-B8DC07713E73}.Release|Any CPU.Build.0 = Release|Any CPU
		{7A58F21F-B52B-4AEC-A029-E90CF00615BC}.Debug|Any CPU.ActiveCfg = Debug|Any CPU
		{7A58F21F-B52B-4AEC-A029-E90CF00615BC}.Debug|Any CPU.Build.0 = Debug|Any CPU
		{7A58F21F-B52B-4AEC-A029-E90CF00615BC}.Release|Any CPU.ActiveCfg = Release|Any CPU
		{7A58F21F-B52B-4AEC-A029-E90CF00615BC}.Release|Any CPU.Build.0 = Release|Any CPU
		{C3D46A03-2491-482B-AB30-1F89471F8568}.Debug|Any CPU.ActiveCfg = Debug|Any CPU
		{C3D46A03-2491-482B-AB30-1F89471F8568}.Debug|Any CPU.Build.0 = Debug|Any CPU
		{C3D46A03-2491-482B-AB30-1F89471F8568}.Release|Any CPU.ActiveCfg = Release|Any CPU
		{C3D46A03-2491-482B-AB30-1F89471F8568}.Release|Any CPU.Build.0 = Release|Any CPU
	EndGlobalSection
	GlobalSection(SolutionProperties) = preSolution
		HideSolutionNode = FALSE
	EndGlobalSection
EndGlobal
